
Microsoft Visual Studio Solution File, Format Version 12.00
# Visual Studio Version 16
VisualStudioVersion = 16.0.29215.179
MinimumVisualStudioVersion = 10.0.40219.1
Project("{FAE04EC0-301F-11D3-BF4B-00C04F79EFBC}") = "DateTime", "DateTime\DateTime.csproj", "{DDB5FB85-F374-4B31-A486-80AFC9604BBE}"
EndProject
Global
	GlobalSection(SolutionConfigurationPlatforms) = preSolution
		Debug|Any CPU = Debug|Any CPU
		Release|Any CPU = Release|Any CPU
	EndGlobalSection
	GlobalSection(ProjectConfigurationPlatforms) = postSolution
		{DDB5FB85-F374-4B31-A486-80AFC9604BBE}.Debug|Any CPU.ActiveCfg = Debug|Any CPU
		{DDB5FB85-F374-4B31-A486-80AFC9604BBE}.Debug|Any CPU.Build.0 = Debug|Any CPU
		{DDB5FB85-F374-4B31-A486-80AFC9604BBE}.Release|Any CPU.ActiveCfg = Release|Any CPU
		{DDB5FB85-F374-4B31-A486-80AFC9604BBE}.Release|Any CPU.Build.0 = Release|Any CPU
	EndGlobalSection
	GlobalSection(SolutionProperties) = preSolution
		HideSolutionNode = FALSE
	EndGlobalSection
	GlobalSection(ExtensibilityGlobals) = postSolution
		SolutionGuid = {36AE17F7-E247-4E7B-BD28-DC6B07D8245E}
	EndGlobalSection
EndGlobal
